// !$*UTF8*$!
{
	archiveVersion = 1;
	classes = {
	};
	objectVersion = 46;
	objects = {

/* Begin PBXBuildFile section */
		D7A321D739DC4275752F0631 /* Pods_Example.framework in Frameworks */ = {isa = PBXBuildFile; fileRef = B9D712D8C37BE0D100FA0209 /* Pods_Example.framework */; };
		FFB5857B1FE2D229005F54C5 /* ConstraintViewController.swift in Sources */ = {isa = PBXBuildFile; fileRef = FFB5857A1FE2D229005F54C5 /* ConstraintViewController.swift */; };
		FFE1C08E1D92BECC0025193E /* AppDelegate.swift in Sources */ = {isa = PBXBuildFile; fileRef = FFE1C0861D92BECC0025193E /* AppDelegate.swift */; };
		FFE1C08F1D92BECC0025193E /* Assets.xcassets in Resources */ = {isa = PBXBuildFile; fileRef = FFE1C0871D92BECC0025193E /* Assets.xcassets */; };
		FFE1C0901D92BECC0025193E /* LaunchScreen.storyboard in Resources */ = {isa = PBXBuildFile; fileRef = FFE1C0881D92BECC0025193E /* LaunchScreen.storyboard */; };
		FFE1C0911D92BECC0025193E /* Main.storyboard in Resources */ = {isa = PBXBuildFile; fileRef = FFE1C08A1D92BECC0025193E /* Main.storyboard */; };
		FFE1C0931D92BECC0025193E /* ViewController.swift in Sources */ = {isa = PBXBuildFile; fileRef = FFE1C08D1D92BECC0025193E /* ViewController.swift */; };
/* End PBXBuildFile section */

/* Begin PBXFileReference section */
		A1D036A5B505BCB6387140E0 /* Pods-Example.debug.xcconfig */ = {isa = PBXFileReference; includeInIndex = 1; lastKnownFileType = text.xcconfig; name = "Pods-Example.debug.xcconfig"; path = "Pods/Target Support Files/Pods-Example/Pods-Example.debug.xcconfig"; sourceTree = "<group>"; };
		B9D712D8C37BE0D100FA0209 /* Pods_Example.framework */ = {isa = PBXFileReference; explicitFileType = wrapper.framework; includeInIndex = 0; path = Pods_Example.framework; sourceTree = BUILT_PRODUCTS_DIR; };
		CB7B180AAF7E9524514A4A1F /* Pods-Example.release.xcconfig */ = {isa = PBXFileReference; includeInIndex = 1; lastKnownFileType = text.xcconfig; name = "Pods-Example.release.xcconfig"; path = "Pods/Target Support Files/Pods-Example/Pods-Example.release.xcconfig"; sourceTree = "<group>"; };
		FFB5857A1FE2D229005F54C5 /* ConstraintViewController.swift */ = {isa = PBXFileReference; lastKnownFileType = sourcecode.swift; path = ConstraintViewController.swift; sourceTree = "<group>"; };
		FFE1C0601D92BE6C0025193E /* Example.app */ = {isa = PBXFileReference; explicitFileType = wrapper.application; includeInIndex = 0; path = Example.app; sourceTree = BUILT_PRODUCTS_DIR; };
		FFE1C0861D92BECC0025193E /* AppDelegate.swift */ = {isa = PBXFileReference; fileEncoding = 4; lastKnownFileType = sourcecode.swift; path = AppDelegate.swift; sourceTree = "<group>"; };
		FFE1C0871D92BECC0025193E /* Assets.xcassets */ = {isa = PBXFileReference; lastKnownFileType = folder.assetcatalog; path = Assets.xcassets; sourceTree = "<group>"; };
		FFE1C0891D92BECC0025193E /* Base */ = {isa = PBXFileReference; lastKnownFileType = file.storyboard; name = Base; path = Base.lproj/LaunchScreen.storyboard; sourceTree = "<group>"; };
		FFE1C08B1D92BECC0025193E /* Base */ = {isa = PBXFileReference; lastKnownFileType = file.storyboard; name = Base; path = Base.lproj/Main.storyboard; sourceTree = "<group>"; };
		FFE1C08C1D92BECC0025193E /* Info.plist */ = {isa = PBXFileReference; fileEncoding = 4; lastKnownFileType = text.plist.xml; path = Info.plist; sourceTree = "<group>"; };
		FFE1C08D1D92BECC0025193E /* ViewController.swift */ = {isa = PBXFileReference; fileEncoding = 4; lastKnownFileType = sourcecode.swift; path = ViewController.swift; sourceTree = "<group>"; };
/* End PBXFileReference section */

/* Begin PBXFrameworksBuildPhase section */
		FFE1C05D1D92BE6C0025193E /* Frameworks */ = {
			isa = PBXFrameworksBuildPhase;
			buildActionMask = 2147483647;
			files = (
				D7A321D739DC4275752F0631 /* Pods_Example.framework in Frameworks */,
			);
			runOnlyForDeploymentPostprocessing = 0;
		};
/* End PBXFrameworksBuildPhase section */

/* Begin PBXGroup section */
		2F7C4FD115A68D438B813099 /* Pods */ = {
			isa = PBXGroup;
			children = (
				A1D036A5B505BCB6387140E0 /* Pods-Example.debug.xcconfig */,
				CB7B180AAF7E9524514A4A1F /* Pods-Example.release.xcconfig */,
			);
			name = Pods;
			sourceTree = "<group>";
		};
		B4B754D0A62455700C366B41 /* Frameworks */ = {
			isa = PBXGroup;
			children = (
				B9D712D8C37BE0D100FA0209 /* Pods_Example.framework */,
			);
			name = Frameworks;
			sourceTree = "<group>";
		};
		FFE1C0571D92BE6C0025193E = {
			isa = PBXGroup;
			children = (
				FFE1C0851D92BECC0025193E /* Example */,
				FFE1C0611D92BE6C0025193E /* Products */,
				2F7C4FD115A68D438B813099 /* Pods */,
				B4B754D0A62455700C366B41 /* Frameworks */,
			);
			sourceTree = "<group>";
		};
		FFE1C0611D92BE6C0025193E /* Products */ = {
			isa = PBXGroup;
			children = (
				FFE1C0601D92BE6C0025193E /* Example.app */,
			);
			name = Products;
			sourceTree = "<group>";
		};
		FFE1C0851D92BECC0025193E /* Example */ = {
			isa = PBXGroup;
			children = (
				FFE1C0861D92BECC0025193E /* AppDelegate.swift */,
				FFE1C0871D92BECC0025193E /* Assets.xcassets */,
				FFE1C0881D92BECC0025193E /* LaunchScreen.storyboard */,
				FFE1C08A1D92BECC0025193E /* Main.storyboard */,
				FFE1C08C1D92BECC0025193E /* Info.plist */,
				FFE1C08D1D92BECC0025193E /* ViewController.swift */,
				FFB5857A1FE2D229005F54C5 /* ConstraintViewController.swift */,
			);
			path = Example;
			sourceTree = "<group>";
		};
/* End PBXGroup section */

/* Begin PBXNativeTarget section */
		FFE1C05F1D92BE6C0025193E /* Example */ = {
			isa = PBXNativeTarget;
			buildConfigurationList = FFE1C0721D92BE6C0025193E /* Build configuration list for PBXNativeTarget "Example" */;
			buildPhases = (
				A0B3AFCCB6A21D61CD89C23C /* [CP] Check Pods Manifest.lock */,
				FFE1C05C1D92BE6C0025193E /* Sources */,
				FFE1C05D1D92BE6C0025193E /* Frameworks */,
				FFE1C05E1D92BE6C0025193E /* Resources */,
				CF6B04206DCF41E08CBF7C3B /* [CP] Embed Pods Frameworks */,
				EC419AF4BF58E5D60408D9D2 /* [CP] Copy Pods Resources */,
			);
			buildRules = (
			);
			dependencies = (
			);
			name = Example;
			productName = GMKeyboard;
			productReference = FFE1C0601D92BE6C0025193E /* Example.app */;
			productType = "com.apple.product-type.application";
		};
/* End PBXNativeTarget section */

/* Begin PBXProject section */
		FFE1C0581D92BE6C0025193E /* Project object */ = {
			isa = PBXProject;
			attributes = {
				LastSwiftUpdateCheck = 0800;
				LastUpgradeCheck = 0900;
				ORGANIZATIONNAME = Guillaume;
				TargetAttributes = {
					FFE1C05F1D92BE6C0025193E = {
						CreatedOnToolsVersion = 8.0;
						DevelopmentTeam = 9ZJCC29GAB;
						LastSwiftMigration = 0900;
						ProvisioningStyle = Automatic;
					};
				};
			};
			buildConfigurationList = FFE1C05B1D92BE6C0025193E /* Build configuration list for PBXProject "GMKeyboard" */;
			compatibilityVersion = "Xcode 3.2";
			developmentRegion = English;
			hasScannedForEncodings = 0;
			knownRegions = (
				en,
				Base,
			);
			mainGroup = FFE1C0571D92BE6C0025193E;
			productRefGroup = FFE1C0611D92BE6C0025193E /* Products */;
			projectDirPath = "";
			projectRoot = "";
			targets = (
				FFE1C05F1D92BE6C0025193E /* Example */,
			);
		};
/* End PBXProject section */

/* Begin PBXResourcesBuildPhase section */
		FFE1C05E1D92BE6C0025193E /* Resources */ = {
			isa = PBXResourcesBuildPhase;
			buildActionMask = 2147483647;
			files = (
				FFE1C0911D92BECC0025193E /* Main.storyboard in Resources */,
				FFE1C08F1D92BECC0025193E /* Assets.xcassets in Resources */,
				FFE1C0901D92BECC0025193E /* LaunchScreen.storyboard in Resources */,
			);
			runOnlyForDeploymentPostprocessing = 0;
		};
/* End PBXResourcesBuildPhase section */

/* Begin PBXShellScriptBuildPhase section */
		A0B3AFCCB6A21D61CD89C23C /* [CP] Check Pods Manifest.lock */ = {
			isa = PBXShellScriptBuildPhase;
			buildActionMask = 2147483647;
			files = (
			);
			inputPaths = (
				"${PODS_PODFILE_DIR_PATH}/Podfile.lock",
				"${PODS_ROOT}/Manifest.lock",
			);
			name = "[CP] Check Pods Manifest.lock";
			outputPaths = (
				"$(DERIVED_FILE_DIR)/Pods-Example-checkManifestLockResult.txt",
			);
			runOnlyForDeploymentPostprocessing = 0;
			shellPath = /bin/sh;
			shellScript = "diff \"${PODS_PODFILE_DIR_PATH}/Podfile.lock\" \"${PODS_ROOT}/Manifest.lock\" > /dev/null\nif [ $? != 0 ] ; then\n    # print error to STDERR\n    echo \"error: The sandbox is not in sync with the Podfile.lock. Run 'pod install' or update your CocoaPods installation.\" >&2\n    exit 1\nfi\n# This output is used by Xcode 'outputs' to avoid re-running this script phase.\necho \"SUCCESS\" > \"${SCRIPT_OUTPUT_FILE_0}\"\n";
			showEnvVarsInLog = 0;
		};
		CF6B04206DCF41E08CBF7C3B /* [CP] Embed Pods Frameworks */ = {
			isa = PBXShellScriptBuildPhase;
			buildActionMask = 2147483647;
			files = (
			);
			inputPaths = (
				"${SRCROOT}/Pods/Target Support Files/Pods-Example/Pods-Example-frameworks.sh",
				"${BUILT_PRODUCTS_DIR}/GMKeyboard/GMKeyboard.framework",
			);
			name = "[CP] Embed Pods Frameworks";
			outputPaths = (
				"${TARGET_BUILD_DIR}/${FRAMEWORKS_FOLDER_PATH}/GMKeyboard.framework",
			);
			runOnlyForDeploymentPostprocessing = 0;
			shellPath = /bin/sh;
			shellScript = "\"${SRCROOT}/Pods/Target Support Files/Pods-Example/Pods-Example-frameworks.sh\"\n";
			showEnvVarsInLog = 0;
		};
		EC419AF4BF58E5D60408D9D2 /* [CP] Copy Pods Resources */ = {
			isa = PBXShellScriptBuildPhase;
			buildActionMask = 2147483647;
			files = (
			);
			inputPaths = (
			);
			name = "[CP] Copy Pods Resources";
			outputPaths = (
			);
			runOnlyForDeploymentPostprocessing = 0;
			shellPath = /bin/sh;
			shellScript = "\"${SRCROOT}/Pods/Target Support Files/Pods-Example/Pods-Example-resources.sh\"\n";
			showEnvVarsInLog = 0;
		};
/* End PBXShellScriptBuildPhase section */

/* Begin PBXSourcesBuildPhase section */
		FFE1C05C1D92BE6C0025193E /* Sources */ = {
			isa = PBXSourcesBuildPhase;
			buildActionMask = 2147483647;
			files = (
				FFB5857B1FE2D229005F54C5 /* ConstraintViewController.swift in Sources */,
				FFE1C0931D92BECC0025193E /* ViewController.swift in Sources */,
				FFE1C08E1D92BECC0025193E /* AppDelegate.swift in Sources */,
			);
			runOnlyForDeploymentPostprocessing = 0;
		};
/* End PBXSourcesBuildPhase section */

/* Begin PBXVariantGroup section */
		FFE1C0881D92BECC0025193E /* LaunchScreen.storyboard */ = {
			isa = PBXVariantGroup;
			children = (
				FFE1C0891D92BECC0025193E /* Base */,
			);
			name = LaunchScreen.storyboard;
			sourceTree = "<group>";
		};
		FFE1C08A1D92BECC0025193E /* Main.storyboard */ = {
			isa = PBXVariantGroup;
			children = (
				FFE1C08B1D92BECC0025193E /* Base */,
			);
			name = Main.storyboard;
			sourceTree = "<group>";
		};
/* End PBXVariantGroup section */

/* Begin XCBuildConfiguration section */
		FFE1C0701D92BE6C0025193E /* Debug */ = {
			isa = XCBuildConfiguration;
			buildSettings = {
				ALWAYS_SEARCH_USER_PATHS = NO;
				CLANG_ANALYZER_NONNULL = YES;
				CLANG_CXX_LANGUAGE_STANDARD = "gnu++0x";
				CLANG_CXX_LIBRARY = "libc++";
				CLANG_ENABLE_MODULES = YES;
				CLANG_ENABLE_OBJC_ARC = YES;
				CLANG_WARN_BLOCK_CAPTURE_AUTORELEASING = YES;
				CLANG_WARN_BOOL_CONVERSION = YES;
				CLANG_WARN_COMMA = YES;
				CLANG_WARN_CONSTANT_CONVERSION = YES;
				CLANG_WARN_DIRECT_OBJC_ISA_USAGE = YES_ERROR;
				CLANG_WARN_DOCUMENTATION_COMMENTS = YES;
				CLANG_WARN_EMPTY_BODY = YES;
				CLANG_WARN_ENUM_CONVERSION = YES;
				CLANG_WARN_INFINITE_RECURSION = YES;
				CLANG_WARN_INT_CONVERSION = YES;
				CLANG_WARN_NON_LITERAL_NULL_CONVERSION = YES;
				CLANG_WARN_OBJC_LITERAL_CONVERSION = YES;
				CLANG_WARN_OBJC_ROOT_CLASS = YES_ERROR;
				CLANG_WARN_RANGE_LOOP_ANALYSIS = YES;
				CLANG_WARN_STRICT_PROTOTYPES = YES;
				CLANG_WARN_SUSPICIOUS_MOVE = YES;
				CLANG_WARN_SUSPICIOUS_MOVES = YES;
				CLANG_WARN_UNREACHABLE_CODE = YES;
				CLANG_WARN__DUPLICATE_METHOD_MATCH = YES;
				"CODE_SIGN_IDENTITY[sdk=iphoneos*]" = "iPhone Developer";
				COPY_PHASE_STRIP = NO;
				DEBUG_INFORMATION_FORMAT = dwarf;
				ENABLE_STRICT_OBJC_MSGSEND = YES;
				ENABLE_TESTABILITY = YES;
				GCC_C_LANGUAGE_STANDARD = gnu99;
				GCC_DYNAMIC_NO_PIC = NO;
				GCC_NO_COMMON_BLOCKS = YES;
				GCC_OPTIMIZATION_LEVEL = 0;
				GCC_PREPROCESSOR_DEFINITIONS = (
					"DEBUG=1",
					"$(inherited)",
				);
				GCC_WARN_64_TO_32_BIT_CONVERSION = YES;
				GCC_WARN_ABOUT_RETURN_TYPE = YES_ERROR;
				GCC_WARN_UNDECLARED_SELECTOR = YES;
				GCC_WARN_UNINITIALIZED_AUTOS = YES_AGGRESSIVE;
				GCC_WARN_UNUSED_FUNCTION = YES;
				GCC_WARN_UNUSED_VARIABLE = YES;
				IPHONEOS_DEPLOYMENT_TARGET = 10.0;
				MTL_ENABLE_DEBUG_INFO = YES;
				ONLY_ACTIVE_ARCH = YES;
				SDKROOT = iphoneos;
				SWIFT_ACTIVE_COMPILATION_CONDITIONS = DEBUG;
				SWIFT_OPTIMIZATION_LEVEL = "-Onone";
				TARGETED_DEVICE_FAMILY = "1,2";
			};
			name = Debug;
		};
		FFE1C0711D92BE6C0025193E /* Release */ = {
			isa = XCBuildConfiguration;
			buildSettings = {
				ALWAYS_SEARCH_USER_PATHS = NO;
				CLANG_ANALYZER_NONNULL = YES;
				CLANG_CXX_LANGUAGE_STANDARD = "gnu++0x";
				CLANG_CXX_LIBRARY = "libc++";
				CLANG_ENABLE_MODULES = YES;
				CLANG_ENABLE_OBJC_ARC = YES;
				CLANG_WARN_BLOCK_CAPTURE_AUTORELEASING = YES;
				CLANG_WARN_BOOL_CONVERSION = YES;
				CLANG_WARN_COMMA = YES;
				CLANG_WARN_CONSTANT_CONVERSION = YES;
				CLANG_WARN_DIRECT_OBJC_ISA_USAGE = YES_ERROR;
				CLANG_WARN_DOCUMENTATION_COMMENTS = YES;
				CLANG_WARN_EMPTY_BODY = YES;
				CLANG_WARN_ENUM_CONVERSION = YES;
				CLANG_WARN_INFINITE_RECURSION = YES;
				CLANG_WARN_INT_CONVERSION = YES;
				CLANG_WARN_NON_LITERAL_NULL_CONVERSION = YES;
				CLANG_WARN_OBJC_LITERAL_CONVERSION = YES;
				CLANG_WARN_OBJC_ROOT_CLASS = YES_ERROR;
				CLANG_WARN_RANGE_LOOP_ANALYSIS = YES;
				CLANG_WARN_STRICT_PROTOTYPES = YES;
				CLANG_WARN_SUSPICIOUS_MOVE = YES;
				CLANG_WARN_SUSPICIOUS_MOVES = YES;
				CLANG_WARN_UNREACHABLE_CODE = YES;
				CLANG_WARN__DUPLICATE_METHOD_MATCH = YES;
				"CODE_SIGN_IDENTITY[sdk=iphoneos*]" = "iPhone Developer";
				COPY_PHASE_STRIP = NO;
				DEBUG_INFORMATION_FORMAT = "dwarf-with-dsym";
				ENABLE_NS_ASSERTIONS = NO;
				ENABLE_STRICT_OBJC_MSGSEND = YES;
				GCC_C_LANGUAGE_STANDARD = gnu99;
				GCC_NO_COMMON_BLOCKS = YES;
				GCC_WARN_64_TO_32_BIT_CONVERSION = YES;
				GCC_WARN_ABOUT_RETURN_TYPE = YES_ERROR;
				GCC_WARN_UNDECLARED_SELECTOR = YES;
				GCC_WARN_UNINITIALIZED_AUTOS = YES_AGGRESSIVE;
				GCC_WARN_UNUSED_FUNCTION = YES;
				GCC_WARN_UNUSED_VARIABLE = YES;
				IPHONEOS_DEPLOYMENT_TARGET = 10.0;
				MTL_ENABLE_DEBUG_INFO = NO;
				SDKROOT = iphoneos;
				SWIFT_OPTIMIZATION_LEVEL = "-Owholemodule";
				TARGETED_DEVICE_FAMILY = "1,2";
				VALIDATE_PRODUCT = YES;
			};
			name = Release;
		};
		FFE1C0731D92BE6C0025193E /* Debug */ = {
			isa = XCBuildConfiguration;
			baseConfigurationReference = A1D036A5B505BCB6387140E0 /* Pods-Example.debug.xcconfig */;
			buildSettings = {
				ALWAYS_EMBED_SWIFT_STANDARD_LIBRARIES = "$(inherited)";
				ASSETCATALOG_COMPILER_APPICON_NAME = AppIcon;
				DEVELOPMENT_TEAM = 9ZJCC29GAB;
				INFOPLIST_FILE = "$(SRCROOT)/Example/Info.plist";
				LD_RUNPATH_SEARCH_PATHS = "$(inherited) @executable_path/Frameworks";
				PRODUCT_BUNDLE_IDENTIFIER = com.gdollardollar.gmkeyboard.example;
				PRODUCT_NAME = "$(TARGET_NAME)";
				SWIFT_SWIFT3_OBJC_INFERENCE = Off;
				SWIFT_VERSION = 4.0;
			};
			name = Debug;
		};
		FFE1C0741D92BE6C0025193E /* Release */ = {
			isa = XCBuildConfiguration;
			baseConfigurationReference = CB7B180AAF7E9524514A4A1F /* Pods-Example.release.xcconfig */;
			buildSettings = {
				ALWAYS_EMBED_SWIFT_STANDARD_LIBRARIES = "$(inherited)";
				ASSETCATALOG_COMPILER_APPICON_NAME = AppIcon;
				DEVELOPMENT_TEAM = 9ZJCC29GAB;
				INFOPLIST_FILE = "$(SRCROOT)/Example/Info.plist";
				LD_RUNPATH_SEARCH_PATHS = "$(inherited) @executable_path/Frameworks";
				PRODUCT_BUNDLE_IDENTIFIER = com.gdollardollar.gmkeyboard.example;
				PRODUCT_NAME = "$(TARGET_NAME)";
				SWIFT_SWIFT3_OBJC_INFERENCE = Off;
				SWIFT_VERSION = 4.0;
			};
			name = Release;
		};
/* End XCBuildConfiguration section */

/* Begin XCConfigurationList section */
		FFE1C05B1D92BE6C0025193E /* Build configuration list for PBXProject "GMKeyboard" */ = {
			isa = XCConfigurationList;
			buildConfigurations = (
				FFE1C0701D92BE6C0025193E /* Debug */,
				FFE1C0711D92BE6C0025193E /* Release */,
			);
			defaultConfigurationIsVisible = 0;
			defaultConfigurationName = Release;
		};
		FFE1C0721D92BE6C0025193E /* Build configuration list for PBXNativeTarget "Example" */ = {
			isa = XCConfigurationList;
			buildConfigurations = (
				FFE1C0731D92BE6C0025193E /* Debug */,
				FFE1C0741D92BE6C0025193E /* Release */,
			);
			defaultConfigurationIsVisible = 0;
			defaultConfigurationName = Release;
		};
/* End XCConfigurationList section */
	};
	rootObject = FFE1C0581D92BE6C0025193E /* Project object */;
}
